
Microsoft Visual Studio Solution File, Format Version 12.00
# Visual Studio 2012
Project("{8BC9CEB8-8B4A-11D0-8D11-00A0C91BC942}") = "uygulama_search", "uygulama_search\uygulama_search.vcxproj", "{B2AC8326-B9AB-42EB-9FAB-3D84F3896224}"
EndProject
Global
	GlobalSection(SolutionConfigurationPlatforms) = preSolution
		Debug|Win32 = Debug|Win32
		Release|Win32 = Release|Win32
	EndGlobalSection
	GlobalSection(ProjectConfigurationPlatforms) = postSolution
		{B2AC8326-B9AB-42EB-9FAB-3D84F3896224}.Debug|Win32.ActiveCfg = Debug|Win32
		{B2AC8326-B9AB-42EB-9FAB-3D84F3896224}.Debug|Win32.Build.0 = Debug|Win32
		{B2AC8326-B9AB-42EB-9FAB-3D84F3896224}.Release|Win32.ActiveCfg = Release|Win32
		{B2AC8326-B9AB-42EB-9FAB-3D84F3896224}.Release|Win32.Build.0 = Release|Win32
	EndGlobalSection
	GlobalSection(SolutionProperties) = preSolution
		HideSolutionNode = FALSE
	EndGlobalSection
EndGlobal
